// !$*UTF8*$!
{
	archiveVersion = 1;
	classes = {
	};
	objectVersion = 46;
	objects = {

/* Begin PBXBuildFile section */
		A5BEAD481CE6A82100BE2236 /* CalculatorModel.swift in Sources */ = {isa = PBXBuildFile; fileRef = A5BEAD471CE6A82100BE2236 /* CalculatorModel.swift */; };
		A5D4D30E1CDD749400ECFA9A /* AppDelegate.swift in Sources */ = {isa = PBXBuildFile; fileRef = A5D4D30D1CDD749400ECFA9A /* AppDelegate.swift */; };
		A5D4D3101CDD749400ECFA9A /* ViewController.swift in Sources */ = {isa = PBXBuildFile; fileRef = A5D4D30F1CDD749400ECFA9A /* ViewController.swift */; };
		A5D4D3131CDD749400ECFA9A /* Main.storyboard in Resources */ = {isa = PBXBuildFile; fileRef = A5D4D3111CDD749400ECFA9A /* Main.storyboard */; };
		A5D4D3151CDD749400ECFA9A /* Assets.xcassets in Resources */ = {isa = PBXBuildFile; fileRef = A5D4D3141CDD749400ECFA9A /* Assets.xcassets */; };
		A5D4D3181CDD749400ECFA9A /* LaunchScreen.storyboard in Resources */ = {isa = PBXBuildFile; fileRef = A5D4D3161CDD749400ECFA9A /* LaunchScreen.storyboard */; };
		A5D4D3231CDD749400ECFA9A /* CalculadoraTests.swift in Sources */ = {isa = PBXBuildFile; fileRef = A5D4D3221CDD749400ECFA9A /* CalculadoraTests.swift */; };
		A5D4D32E1CDD749400ECFA9A /* CalculadoraUITests.swift in Sources */ = {isa = PBXBuildFile; fileRef = A5D4D32D1CDD749400ECFA9A /* CalculadoraUITests.swift */; };
/* End PBXBuildFile section */

/* Begin PBXContainerItemProxy section */
		A5D4D31F1CDD749400ECFA9A /* PBXContainerItemProxy */ = {
			isa = PBXContainerItemProxy;
			containerPortal = A5D4D3021CDD749400ECFA9A /* Project object */;
			proxyType = 1;
			remoteGlobalIDString = A5D4D3091CDD749400ECFA9A;
			remoteInfo = Calculadora;
		};
		A5D4D32A1CDD749400ECFA9A /* PBXContainerItemProxy */ = {
			isa = PBXContainerItemProxy;
			containerPortal = A5D4D3021CDD749400ECFA9A /* Project object */;
			proxyType = 1;
			remoteGlobalIDString = A5D4D3091CDD749400ECFA9A;
			remoteInfo = Calculadora;
		};
/* End PBXContainerItemProxy section */

/* Begin PBXFileReference section */
		A5BEAD471CE6A82100BE2236 /* CalculatorModel.swift */ = {isa = PBXFileReference; fileEncoding = 4; lastKnownFileType = sourcecode.swift; path = CalculatorModel.swift; sourceTree = "<group>"; };
		A5D4D30A1CDD749400ECFA9A /* Calculadora.app */ = {isa = PBXFileReference; explicitFileType = wrapper.application; includeInIndex = 0; path = Calculadora.app; sourceTree = BUILT_PRODUCTS_DIR; };
		A5D4D30D1CDD749400ECFA9A /* AppDelegate.swift */ = {isa = PBXFileReference; lastKnownFileType = sourcecode.swift; path = AppDelegate.swift; sourceTree = "<group>"; };
		A5D4D30F1CDD749400ECFA9A /* ViewController.swift */ = {isa = PBXFileReference; lastKnownFileType = sourcecode.swift; path = ViewController.swift; sourceTree = "<group>"; };
		A5D4D3121CDD749400ECFA9A /* Base */ = {isa = PBXFileReference; lastKnownFileType = file.storyboard; name = Base; path = Base.lproj/Main.storyboard; sourceTree = "<group>"; };
		A5D4D3141CDD749400ECFA9A /* Assets.xcassets */ = {isa = PBXFileReference; lastKnownFileType = folder.assetcatalog; path = Assets.xcassets; sourceTree = "<group>"; };
		A5D4D3171CDD749400ECFA9A /* Base */ = {isa = PBXFileReference; lastKnownFileType = file.storyboard; name = Base; path = Base.lproj/LaunchScreen.storyboard; sourceTree = "<group>"; };
		A5D4D3191CDD749400ECFA9A /* Info.plist */ = {isa = PBXFileReference; lastKnownFileType = text.plist.xml; path = Info.plist; sourceTree = "<group>"; };
		A5D4D31E1CDD749400ECFA9A /* CalculadoraTests.xctest */ = {isa = PBXFileReference; explicitFileType = wrapper.cfbundle; includeInIndex = 0; path = CalculadoraTests.xctest; sourceTree = BUILT_PRODUCTS_DIR; };
		A5D4D3221CDD749400ECFA9A /* CalculadoraTests.swift */ = {isa = PBXFileReference; lastKnownFileType = sourcecode.swift; path = CalculadoraTests.swift; sourceTree = "<group>"; };
		A5D4D3241CDD749400ECFA9A /* Info.plist */ = {isa = PBXFileReference; lastKnownFileType = text.plist.xml; path = Info.plist; sourceTree = "<group>"; };
		A5D4D3291CDD749400ECFA9A /* CalculadoraUITests.xctest */ = {isa = PBXFileReference; explicitFileType = wrapper.cfbundle; includeInIndex = 0; path = CalculadoraUITests.xctest; sourceTree = BUILT_PRODUCTS_DIR; };
		A5D4D32D1CDD749400ECFA9A /* CalculadoraUITests.swift */ = {isa = PBXFileReference; lastKnownFileType = sourcecode.swift; path = CalculadoraUITests.swift; sourceTree = "<group>"; };
		A5D4D32F1CDD749400ECFA9A /* Info.plist */ = {isa = PBXFileReference; lastKnownFileType = text.plist.xml; path = Info.plist; sourceTree = "<group>"; };
/* End PBXFileReference section */

/* Begin PBXFrameworksBuildPhase section */
		A5D4D3071CDD749400ECFA9A /* Frameworks */ = {
			isa = PBXFrameworksBuildPhase;
			buildActionMask = 2147483647;
			files = (
			);
			runOnlyForDeploymentPostprocessing = 0;
		};
		A5D4D31B1CDD749400ECFA9A /* Frameworks */ = {
			isa = PBXFrameworksBuildPhase;
			buildActionMask = 2147483647;
			files = (
			);
			runOnlyForDeploymentPostprocessing = 0;
		};
		A5D4D3261CDD749400ECFA9A /* Frameworks */ = {
			isa = PBXFrameworksBuildPhase;
			buildActionMask = 2147483647;
			files = (
			);
			runOnlyForDeploymentPostprocessing = 0;
		};
/* End PBXFrameworksBuildPhase section */

/* Begin PBXGroup section */
		A5D4D3011CDD749400ECFA9A = {
			isa = PBXGroup;
			children = (
				A5D4D30C1CDD749400ECFA9A /* Calculadora */,
				A5D4D3211CDD749400ECFA9A /* CalculadoraTests */,
				A5D4D32C1CDD749400ECFA9A /* CalculadoraUITests */,
				A5D4D30B1CDD749400ECFA9A /* Products */,
			);
			sourceTree = "<group>";
		};
		A5D4D30B1CDD749400ECFA9A /* Products */ = {
			isa = PBXGroup;
			children = (
				A5D4D30A1CDD749400ECFA9A /* Calculadora.app */,
				A5D4D31E1CDD749400ECFA9A /* CalculadoraTests.xctest */,
				A5D4D3291CDD749400ECFA9A /* CalculadoraUITests.xctest */,
			);
			name = Products;
			sourceTree = "<group>";
		};
		A5D4D30C1CDD749400ECFA9A /* Calculadora */ = {
			isa = PBXGroup;
			children = (
				A5D4D30D1CDD749400ECFA9A /* AppDelegate.swift */,
				A5D4D30F1CDD749400ECFA9A /* ViewController.swift */,
				A5BEAD471CE6A82100BE2236 /* CalculatorModel.swift */,
				A5D4D3111CDD749400ECFA9A /* Main.storyboard */,
				A5D4D3141CDD749400ECFA9A /* Assets.xcassets */,
				A5D4D3161CDD749400ECFA9A /* LaunchScreen.storyboard */,
				A5D4D3191CDD749400ECFA9A /* Info.plist */,
			);
			path = Calculadora;
			sourceTree = "<group>";
		};
		A5D4D3211CDD749400ECFA9A /* CalculadoraTests */ = {
			isa = PBXGroup;
			children = (
				A5D4D3221CDD749400ECFA9A /* CalculadoraTests.swift */,
				A5D4D3241CDD749400ECFA9A /* Info.plist */,
			);
			path = CalculadoraTests;
			sourceTree = "<group>";
		};
		A5D4D32C1CDD749400ECFA9A /* CalculadoraUITests */ = {
			isa = PBXGroup;
			children = (
				A5D4D32D1CDD749400ECFA9A /* CalculadoraUITests.swift */,
				A5D4D32F1CDD749400ECFA9A /* Info.plist */,
			);
			path = CalculadoraUITests;
			sourceTree = "<group>";
		};
/* End PBXGroup section */

/* Begin PBXNativeTarget section */
		A5D4D3091CDD749400ECFA9A /* Calculadora */ = {
			isa = PBXNativeTarget;
			buildConfigurationList = A5D4D3321CDD749400ECFA9A /* Build configuration list for PBXNativeTarget "Calculadora" */;
			buildPhases = (
				A5D4D3061CDD749400ECFA9A /* Sources */,
				A5D4D3071CDD749400ECFA9A /* Frameworks */,
				A5D4D3081CDD749400ECFA9A /* Resources */,
			);
			buildRules = (
			);
			dependencies = (
			);
			name = Calculadora;
			productName = Calculadora;
			productReference = A5D4D30A1CDD749400ECFA9A /* Calculadora.app */;
			productType = "com.apple.product-type.application";
		};
		A5D4D31D1CDD749400ECFA9A /* CalculadoraTests */ = {
			isa = PBXNativeTarget;
			buildConfigurationList = A5D4D3351CDD749400ECFA9A /* Build configuration list for PBXNativeTarget "CalculadoraTests" */;
			buildPhases = (
				A5D4D31A1CDD749400ECFA9A /* Sources */,
				A5D4D31B1CDD749400ECFA9A /* Frameworks */,
				A5D4D31C1CDD749400ECFA9A /* Resources */,
			);
			buildRules = (
			);
			dependencies = (
				A5D4D3201CDD749400ECFA9A /* PBXTargetDependency */,
			);
			name = CalculadoraTests;
			productName = CalculadoraTests;
			productReference = A5D4D31E1CDD749400ECFA9A /* CalculadoraTests.xctest */;
			productType = "com.apple.product-type.bundle.unit-test";
		};
		A5D4D3281CDD749400ECFA9A /* CalculadoraUITests */ = {
			isa = PBXNativeTarget;
			buildConfigurationList = A5D4D3381CDD749400ECFA9A /* Build configuration list for PBXNativeTarget "CalculadoraUITests" */;
			buildPhases = (
				A5D4D3251CDD749400ECFA9A /* Sources */,
				A5D4D3261CDD749400ECFA9A /* Frameworks */,
				A5D4D3271CDD749400ECFA9A /* Resources */,
			);
			buildRules = (
			);
			dependencies = (
				A5D4D32B1CDD749400ECFA9A /* PBXTargetDependency */,
			);
			name = CalculadoraUITests;
			productName = CalculadoraUITests;
			productReference = A5D4D3291CDD749400ECFA9A /* CalculadoraUITests.xctest */;
			productType = "com.apple.product-type.bundle.ui-testing";
		};
/* End PBXNativeTarget section */

/* Begin PBXProject section */
		A5D4D3021CDD749400ECFA9A /* Project object */ = {
			isa = PBXProject;
			attributes = {
				LastSwiftUpdateCheck = 0730;
				LastUpgradeCheck = 0730;
				ORGANIZATIONNAME = "Mezcal Development";
				TargetAttributes = {
					A5D4D3091CDD749400ECFA9A = {
						CreatedOnToolsVersion = 7.3;
					};
					A5D4D31D1CDD749400ECFA9A = {
						CreatedOnToolsVersion = 7.3;
						TestTargetID = A5D4D3091CDD749400ECFA9A;
					};
					A5D4D3281CDD749400ECFA9A = {
						CreatedOnToolsVersion = 7.3;
						TestTargetID = A5D4D3091CDD749400ECFA9A;
					};
				};
			};
			buildConfigurationList = A5D4D3051CDD749400ECFA9A /* Build configuration list for PBXProject "Calculadora" */;
			compatibilityVersion = "Xcode 3.2";
			developmentRegion = English;
			hasScannedForEncodings = 0;
			knownRegions = (
				en,
				Base,
			);
			mainGroup = A5D4D3011CDD749400ECFA9A;
			productRefGroup = A5D4D30B1CDD749400ECFA9A /* Products */;
			projectDirPath = "";
			projectRoot = "";
			targets = (
				A5D4D3091CDD749400ECFA9A /* Calculadora */,
				A5D4D31D1CDD749400ECFA9A /* CalculadoraTests */,
				A5D4D3281CDD749400ECFA9A /* CalculadoraUITests */,
			);
		};
/* End PBXProject section */

/* Begin PBXResourcesBuildPhase section */
		A5D4D3081CDD749400ECFA9A /* Resources */ = {
			isa = PBXResourcesBuildPhase;
			buildActionMask = 2147483647;
			files = (
				A5D4D3181CDD749400ECFA9A /* LaunchScreen.storyboard in Resources */,
				A5D4D3151CDD749400ECFA9A /* Assets.xcassets in Resources */,
				A5D4D3131CDD749400ECFA9A /* Main.storyboard in Resources */,
			);
			runOnlyForDeploymentPostprocessing = 0;
		};
		A5D4D31C1CDD749400ECFA9A /* Resources */ = {
			isa = PBXResourcesBuildPhase;
			buildActionMask = 2147483647;
			files = (
			);
			runOnlyForDeploymentPostprocessing = 0;
		};
		A5D4D3271CDD749400ECFA9A /* Resources */ = {
			isa = PBXResourcesBuildPhase;
			buildActionMask = 2147483647;
			files = (
			);
			runOnlyForDeploymentPostprocessing = 0;
		};
/* End PBXResourcesBuildPhase section */

/* Begin PBXSourcesBuildPhase section */
		A5D4D3061CDD749400ECFA9A /* Sources */ = {
			isa = PBXSourcesBuildPhase;
			buildActionMask = 2147483647;
			files = (
				A5BEAD481CE6A82100BE2236 /* CalculatorModel.swift in Sources */,
				A5D4D3101CDD749400ECFA9A /* ViewController.swift in Sources */,
				A5D4D30E1CDD749400ECFA9A /* AppDelegate.swift in Sources */,
			);
			runOnlyForDeploymentPostprocessing = 0;
		};
		A5D4D31A1CDD749400ECFA9A /* Sources */ = {
			isa = PBXSourcesBuildPhase;
			buildActionMask = 2147483647;
			files = (
				A5D4D3231CDD749400ECFA9A /* CalculadoraTests.swift in Sources */,
			);
			runOnlyForDeploymentPostprocessing = 0;
		};
		A5D4D3251CDD749400ECFA9A /* Sources */ = {
			isa = PBXSourcesBuildPhase;
			buildActionMask = 2147483647;
			files = (
				A5D4D32E1CDD749400ECFA9A /* CalculadoraUITests.swift in Sources */,
			);
			runOnlyForDeploymentPostprocessing = 0;
		};
/* End PBXSourcesBuildPhase section */

/* Begin PBXTargetDependency section */
		A5D4D3201CDD749400ECFA9A /* PBXTargetDependency */ = {
			isa = PBXTargetDependency;
			target = A5D4D3091CDD749400ECFA9A /* Calculadora */;
			targetProxy = A5D4D31F1CDD749400ECFA9A /* PBXContainerItemProxy */;
		};
		A5D4D32B1CDD749400ECFA9A /* PBXTargetDependency */ = {
			isa = PBXTargetDependency;
			target = A5D4D3091CDD749400ECFA9A /* Calculadora */;
			targetProxy = A5D4D32A1CDD749400ECFA9A /* PBXContainerItemProxy */;
		};
/* End PBXTargetDependency section */

/* Begin PBXVariantGroup section */
		A5D4D3111CDD749400ECFA9A /* Main.storyboard */ = {
			isa = PBXVariantGroup;
			children = (
				A5D4D3121CDD749400ECFA9A /* Base */,
			);
			name = Main.storyboard;
			sourceTree = "<group>";
		};
		A5D4D3161CDD749400ECFA9A /* LaunchScreen.storyboard */ = {
			isa = PBXVariantGroup;
			children = (
				A5D4D3171CDD749400ECFA9A /* Base */,
			);
			name = LaunchScreen.storyboard;
			sourceTree = "<group>";
		};
/* End PBXVariantGroup section */

/* Begin XCBuildConfiguration section */
		A5D4D3301CDD749400ECFA9A /* Debug */ = {
			isa = XCBuildConfiguration;
			buildSettings = {
				ALWAYS_SEARCH_USER_PATHS = NO;
				CLANG_ANALYZER_NONNULL = YES;
				CLANG_CXX_LANGUAGE_STANDARD = "gnu++0x";
				CLANG_CXX_LIBRARY = "libc++";
				CLANG_ENABLE_MODULES = YES;
				CLANG_ENABLE_OBJC_ARC = YES;
				CLANG_WARN_BOOL_CONVERSION = YES;
				CLANG_WARN_CONSTANT_CONVERSION = YES;
				CLANG_WARN_DIRECT_OBJC_ISA_USAGE = YES_ERROR;
				CLANG_WARN_EMPTY_BODY = YES;
				CLANG_WARN_ENUM_CONVERSION = YES;
				CLANG_WARN_INT_CONVERSION = YES;
				CLANG_WARN_OBJC_ROOT_CLASS = YES_ERROR;
				CLANG_WARN_UNREACHABLE_CODE = YES;
				CLANG_WARN__DUPLICATE_METHOD_MATCH = YES;
				"CODE_SIGN_IDENTITY[sdk=iphoneos*]" = "iPhone Developer";
				COPY_PHASE_STRIP = NO;
				DEBUG_INFORMATION_FORMAT = dwarf;
				ENABLE_STRICT_OBJC_MSGSEND = YES;
				ENABLE_TESTABILITY = YES;
				GCC_C_LANGUAGE_STANDARD = gnu99;
				GCC_DYNAMIC_NO_PIC = NO;
				GCC_NO_COMMON_BLOCKS = YES;
				GCC_OPTIMIZATION_LEVEL = 0;
				GCC_PREPROCESSOR_DEFINITIONS = (
					"DEBUG=1",
					"$(inherited)",
				);
				GCC_WARN_64_TO_32_BIT_CONVERSION = YES;
				GCC_WARN_ABOUT_RETURN_TYPE = YES_ERROR;
				GCC_WARN_UNDECLARED_SELECTOR = YES;
				GCC_WARN_UNINITIALIZED_AUTOS = YES_AGGRESSIVE;
				GCC_WARN_UNUSED_FUNCTION = YES;
				GCC_WARN_UNUSED_VARIABLE = YES;
				IPHONEOS_DEPLOYMENT_TARGET = 9.3;
				MTL_ENABLE_DEBUG_INFO = YES;
				ONLY_ACTIVE_ARCH = YES;
				SDKROOT = iphoneos;
				SWIFT_OPTIMIZATION_LEVEL = "-Onone";
				TARGETED_DEVICE_FAMILY = "1,2";
			};
			name = Debug;
		};
		A5D4D3311CDD749400ECFA9A /* Release */ = {
			isa = XCBuildConfiguration;
			buildSettings = {
				ALWAYS_SEARCH_USER_PATHS = NO;
				CLANG_ANALYZER_NONNULL = YES;
				CLANG_CXX_LANGUAGE_STANDARD = "gnu++0x";
				CLANG_CXX_LIBRARY = "libc++";
				CLANG_ENABLE_MODULES = YES;
				CLANG_ENABLE_OBJC_ARC = YES;
				CLANG_WARN_BOOL_CONVERSION = YES;
				CLANG_WARN_CONSTANT_CONVERSION = YES;
				CLANG_WARN_DIRECT_OBJC_ISA_USAGE = YES_ERROR;
				CLANG_WARN_EMPTY_BODY = YES;
				CLANG_WARN_ENUM_CONVERSION = YES;
				CLANG_WARN_INT_CONVERSION = YES;
				CLANG_WARN_OBJC_ROOT_CLASS = YES_ERROR;
				CLANG_WARN_UNREACHABLE_CODE = YES;
				CLANG_WARN__DUPLICATE_METHOD_MATCH = YES;
				"CODE_SIGN_IDENTITY[sdk=iphoneos*]" = "iPhone Developer";
				COPY_PHASE_STRIP = NO;
				DEBUG_INFORMATION_FORMAT = "dwarf-with-dsym";
				ENABLE_NS_ASSERTIONS = NO;
				ENABLE_STRICT_OBJC_MSGSEND = YES;
				GCC_C_LANGUAGE_STANDARD = gnu99;
				GCC_NO_COMMON_BLOCKS = YES;
				GCC_WARN_64_TO_32_BIT_CONVERSION = YES;
				GCC_WARN_ABOUT_RETURN_TYPE = YES_ERROR;
				GCC_WARN_UNDECLARED_SELECTOR = YES;
				GCC_WARN_UNINITIALIZED_AUTOS = YES_AGGRESSIVE;
				GCC_WARN_UNUSED_FUNCTION = YES;
				GCC_WARN_UNUSED_VARIABLE = YES;
				IPHONEOS_DEPLOYMENT_TARGET = 9.3;
				MTL_ENABLE_DEBUG_INFO = NO;
				SDKROOT = iphoneos;
				TARGETED_DEVICE_FAMILY = "1,2";
				VALIDATE_PRODUCT = YES;
			};
			name = Release;
		};
		A5D4D3331CDD749400ECFA9A /* Debug */ = {
			isa = XCBuildConfiguration;
			buildSettings = {
				ASSETCATALOG_COMPILER_APPICON_NAME = AppIcon;
				INFOPLIST_FILE = Calculadora/Info.plist;
				LD_RUNPATH_SEARCH_PATHS = "$(inherited) @executable_path/Frameworks";
				PRODUCT_BUNDLE_IDENTIFIER = com.mezcaldev.Calculadora;
				PRODUCT_NAME = "$(TARGET_NAME)";
			};
			name = Debug;
		};
		A5D4D3341CDD749400ECFA9A /* Release */ = {
			isa = XCBuildConfiguration;
			buildSettings = {
				ASSETCATALOG_COMPILER_APPICON_NAME = AppIcon;
				INFOPLIST_FILE = Calculadora/Info.plist;
				LD_RUNPATH_SEARCH_PATHS = "$(inherited) @executable_path/Frameworks";
				PRODUCT_BUNDLE_IDENTIFIER = com.mezcaldev.Calculadora;
				PRODUCT_NAME = "$(TARGET_NAME)";
			};
			name = Release;
		};
		A5D4D3361CDD749400ECFA9A /* Debug */ = {
			isa = XCBuildConfiguration;
			buildSettings = {
				BUNDLE_LOADER = "$(TEST_HOST)";
				INFOPLIST_FILE = CalculadoraTests/Info.plist;
				LD_RUNPATH_SEARCH_PATHS = "$(inherited) @executable_path/Frameworks @loader_path/Frameworks";
				PRODUCT_BUNDLE_IDENTIFIER = com.mezcaldev.CalculadoraTests;
				PRODUCT_NAME = "$(TARGET_NAME)";
				TEST_HOST = "$(BUILT_PRODUCTS_DIR)/Calculadora.app/Calculadora";
			};
			name = Debug;
		};
		A5D4D3371CDD749400ECFA9A /* Release */ = {
			isa = XCBuildConfiguration;
			buildSettings = {
				BUNDLE_LOADER = "$(TEST_HOST)";
				INFOPLIST_FILE = CalculadoraTests/Info.plist;
				LD_RUNPATH_SEARCH_PATHS = "$(inherited) @executable_path/Frameworks @loader_path/Frameworks";
				PRODUCT_BUNDLE_IDENTIFIER = com.mezcaldev.CalculadoraTests;
				PRODUCT_NAME = "$(TARGET_NAME)";
				TEST_HOST = "$(BUILT_PRODUCTS_DIR)/Calculadora.app/Calculadora";
			};
			name = Release;
		};
		A5D4D3391CDD749400ECFA9A /* Debug */ = {
			isa = XCBuildConfiguration;
			buildSettings = {
				INFOPLIST_FILE = CalculadoraUITests/Info.plist;
				LD_RUNPATH_SEARCH_PATHS = "$(inherited) @executable_path/Frameworks @loader_path/Frameworks";
				PRODUCT_BUNDLE_IDENTIFIER = com.mezcaldev.CalculadoraUITests;
				PRODUCT_NAME = "$(TARGET_NAME)";
				TEST_TARGET_NAME = Calculadora;
			};
			name = Debug;
		};
		A5D4D33A1CDD749400ECFA9A /* Release */ = {
			isa = XCBuildConfiguration;
			buildSettings = {
				INFOPLIST_FILE = CalculadoraUITests/Info.plist;
				LD_RUNPATH_SEARCH_PATHS = "$(inherited) @executable_path/Frameworks @loader_path/Frameworks";
				PRODUCT_BUNDLE_IDENTIFIER = com.mezcaldev.CalculadoraUITests;
				PRODUCT_NAME = "$(TARGET_NAME)";
				TEST_TARGET_NAME = Calculadora;
			};
			name = Release;
		};
/* End XCBuildConfiguration section */

/* Begin XCConfigurationList section */
		A5D4D3051CDD749400ECFA9A /* Build configuration list for PBXProject "Calculadora" */ = {
			isa = XCConfigurationList;
			buildConfigurations = (
				A5D4D3301CDD749400ECFA9A /* Debug */,
				A5D4D3311CDD749400ECFA9A /* Release */,
			);
			defaultConfigurationIsVisible = 0;
			defaultConfigurationName = Release;
		};
		A5D4D3321CDD749400ECFA9A /* Build configuration list for PBXNativeTarget "Calculadora" */ = {
			isa = XCConfigurationList;
			buildConfigurations = (
				A5D4D3331CDD749400ECFA9A /* Debug */,
				A5D4D3341CDD749400ECFA9A /* Release */,
			);
			defaultConfigurationIsVisible = 0;
			defaultConfigurationName = Release;
		};
		A5D4D3351CDD749400ECFA9A /* Build configuration list for PBXNativeTarget "CalculadoraTests" */ = {
			isa = XCConfigurationList;
			buildConfigurations = (
				A5D4D3361CDD749400ECFA9A /* Debug */,
				A5D4D3371CDD749400ECFA9A /* Release */,
			);
			defaultConfigurationIsVisible = 0;
			defaultConfigurationName = Release;
		};
		A5D4D3381CDD749400ECFA9A /* Build configuration list for PBXNativeTarget "CalculadoraUITests" */ = {
			isa = XCConfigurationList;
			buildConfigurations = (
				A5D4D3391CDD749400ECFA9A /* Debug */,
				A5D4D33A1CDD749400ECFA9A /* Release */,
			);
			defaultConfigurationIsVisible = 0;
			defaultConfigurationName = Release;
		};
/* End XCConfigurationList section */
	};
	rootObject = A5D4D3021CDD749400ECFA9A /* Project object */;
}
